Microsoft Visual Studio Solution File, Format Version 12.00
# Visual Studio Version 18
VisualStudioVersion = 18.6.11806.211
MinimumVisualStudioVersion = 10.0.40219.1
Project("{2150E333-8FDC-42A3-9474-1A3956D46DE8}") = "source-code", "source-code", "{29C575E1-A835-422F-38B4-87B5B1FDE26F}"
EndProject
Project("{2150E333-8FDC-42A3-9474-1A3956D46DE8}") = "src", "src", "{C4B547C3-B88B-06FD-50C8-C0379CFBED21}"
EndProject
Project("{FAE04EC0-301F-11D3-BF4B-00C04F79EFBC}") = "Atlas.API", "source-code\src\Atlas.API\Atlas.API.csproj", "{C4F70744-99D7-31A4-A15D-F292DB02E2E3}"
EndProject
Project("{FAE04EC0-301F-11D3-BF4B-00C04F79EFBC}") = "Atlas.BuildingBlocks.Persistence", "source-code\src\Atlas.BuildingBlocks.Persistence\Atlas.BuildingBlocks.Persistence.csproj", "{56DB996E-3FA8-9DA7-08A2-8F20DED7BBB9}"
EndProject
Project("{FAE04EC0-301F-11D3-BF4B-00C04F79EFBC}") = "Atlas.Identity.Application", "source-code\src\Atlas.Identity.Application\Atlas.Identity.Application.csproj", "{A54D94D5-31E2-52DC-00E7-A7CD79F87701}"
EndProject
Project("{FAE04EC0-301F-11D3-BF4B-00C04F79EFBC}") = "Atlas.Identity.Domain", "source-code\src\Atlas.Identity.Domain\Atlas.Identity.Domain.csproj", "{B3A1E1E7-5F48-6F15-1723-5AD624A9F04F}"
EndProject
Project("{FAE04EC0-301F-11D3-BF4B-00C04F79EFBC}") = "Atlas.Identity.Domain.Tests", "source-code\src\Atlas.Identity.Domain.Tests\Atlas.Identity.Domain.Tests.csproj", "{D7CC85C3-B2E7-BC3C-3A43-83B5283F1306}"
EndProject
Project("{FAE04EC0-301F-11D3-BF4B-00C04F79EFBC}") = "Atlas.Identity.Infrastructure", "source-code\src\Atlas.Identity.Infrastructure\Atlas.Identity.Infrastructure.csproj", "{CB4E1981-D3BA-734E-E5A0-42B03422D0EB}"
EndProject
Project("{FAE04EC0-301F-11D3-BF4B-00C04F79EFBC}") = "Atlas.Outbox.Worker", "source-code\src\Atlas.OutboxWorker\Atlas.Outbox.Worker.csproj", "{22A5DABB-4073-C434-BA41-86310CAEA346}"
EndProject
Project("{FAE04EC0-301F-11D3-BF4B-00C04F79EFBC}") = "Atlas.SharedKernel", "source-code\src\Atlas.SharedKernel\Atlas.SharedKernel.csproj", "{BAE91EE6-6CD0-2026-11AF-9898FF6121B4}"
EndProject
Project("{FAE04EC0-301F-11D3-BF4B-00C04F79EFBC}") = "Atlas.Staff.Application", "source-code\src\Atlas.Staff.Application\Atlas.Staff.Application.csproj", "{19A588FF-3F1C-0CB5-5403-F7170FCE0C27}"
EndProject
Project("{FAE04EC0-301F-11D3-BF4B-00C04F79EFBC}") = "Atlas.Staff.Domain", "source-code\src\Atlas.Staff.Domain\Atlas.Staff.Domain.csproj", "{0422DDF6-EF9C-AFF0-DEFC-033A4E22411B}"
EndProject
Project("{FAE04EC0-301F-11D3-BF4B-00C04F79EFBC}") = "Atlas.Staff.Infrastructure", "source-code\src\Atlas.Staff.Infrastructure\Atlas.Staff.Infrastructure.csproj", "{3511F981-3005-281C-712A-E1CB8EED4513}"
EndProject
Project("{2150E333-8FDC-42A3-9474-1A3956D46DE8}") = "tests", "tests", "{253C3290-EDD7-FCF6-0029-12C2AA8C72F9}"
EndProject
Project("{FAE04EC0-301F-11D3-BF4B-00C04F79EFBC}") = "Atlas.Tests", "source-code\tests\Atlas.Tests\Atlas.Tests.csproj", "{C24391FE-A7CF-A16D-E7FC-5BDEF44AD294}"
EndProject
Project("{FAE04EC0-301F-11D3-BF4B-00C04F79EFBC}") = "Atlas.OutboxWorker.Tests", "source-code\src\Atlas.OutboxWorker.Tests\Atlas.OutboxWorker.Tests.csproj", "{9F715919-DAC4-B755-FB6F-ECD8AFE732B4}"
EndProject
Project("{FAE04EC0-301F-11D3-BF4B-00C04F79EFBC}") = "Atlas.Contracts", "source-code\src\Atlas.Contracts\Atlas.Contracts.csproj", "{86174453-E960-2685-66C1-45410813B039}"
EndProject
Project("{FAE04EC0-301F-11D3-BF4B-00C04F79EFBC}") = "Atlas.BuildingBlocks.Application", "source-code\src\Atlas.BuildingBlocks.Infrastructure\Atlas.BuildingBlocks.Application.csproj", "{B34938A0-3BDD-446E-B99F-9680A34331D5}"
EndProject
Project("{FAE04EC0-301F-11D3-BF4B-00C04F79EFBC}") = "Atlas.BuildingBlocks.AspNetCore", "source-code\src\Atlas.BuildingBlocks.AspNetCore\Atlas.BuildingBlocks.AspNetCore.csproj", "{CFBE5F11-3642-2271-6BF1-6DB3C45DEA41}"
EndProject
Project("{FAE04EC0-301F-11D3-BF4B-00C04F79EFBC}") = "Atlas.Outbox.Application", "source-code\src\Atlas.Outbox.Application\Atlas.Outbox.Application.csproj", "{49E12C66-B3BB-DDC7-9347-5D49C6C4077B}"
EndProject
Project("{FAE04EC0-301F-11D3-BF4B-00C04F79EFBC}") = "Atlas.Outbox.Infrastructure", "source-code\src\Atlas.Outbox.Infrastructure\Atlas.Outbox.Infrastructure.csproj", "{5797EA59-2267-C31A-0399-D9EB0B8C50D7}"
EndProject
Global
	GlobalSection(SolutionConfigurationPlatforms) = preSolution
		Debug|Any CPU = Debug|Any CPU
		Release|Any CPU = Release|Any CPU
	EndGlobalSection
	GlobalSection(ProjectConfigurationPlatforms) = postSolution
		{C4F70744-99D7-31A4-A15D-F292DB02E2E3}.Debug|Any CPU.ActiveCfg = Debug|Any CPU
		{C4F70744-99D7-31A4-A15D-F292DB02E2E3}.Debug|Any CPU.Build.0 = Debug|Any CPU
		{C4F70744-99D7-31A4-A15D-F292DB02E2E3}.Release|Any CPU.ActiveCfg = Release|Any CPU
		{C4F70744-99D7-31A4-A15D-F292DB02E2E3}.Release|Any CPU.Build.0 = Release|Any CPU
		{56DB996E-3FA8-9DA7-08A2-8F20DED7BBB9}.Debug|Any CPU.ActiveCfg = Debug|Any CPU
		{56DB996E-3FA8-9DA7-08A2-8F20DED7BBB9}.Debug|Any CPU.Build.0 = Debug|Any CPU
		{56DB996E-3FA8-9DA7-08A2-8F20DED7BBB9}.Release|Any CPU.ActiveCfg = Release|Any CPU
		{56DB996E-3FA8-9DA7-08A2-8F20DED7BBB9}.Release|Any CPU.Build.0 = Release|Any CPU
		{A54D94D5-31E2-52DC-00E7-A7CD79F87701}.Debug|Any CPU.ActiveCfg = Debug|Any CPU
		{A54D94D5-31E2-52DC-00E7-A7CD79F87701}.Debug|Any CPU.Build.0 = Debug|Any CPU
		{A54D94D5-31E2-52DC-00E7-A7CD79F87701}.Release|Any CPU.ActiveCfg = Release|Any CPU
		{A54D94D5-31E2-52DC-00E7-A7CD79F87701}.Release|Any CPU.Build.0 = Release|Any CPU
		{B3A1E1E7-5F48-6F15-1723-5AD624A9F04F}.Debug|Any CPU.ActiveCfg = Debug|Any CPU
		{B3A1E1E7-5F48-6F15-1723-5AD624A9F04F}.Debug|Any CPU.Build.0 = Debug|Any CPU
		{B3A1E1E7-5F48-6F15-1723-5AD624A9F04F}.Release|Any CPU.ActiveCfg = Release|Any CPU
		{B3A1E1E7-5F48-6F15-1723-5AD624A9F04F}.Release|Any CPU.Build.0 = Release|Any CPU
		{D7CC85C3-B2E7-BC3C-3A43-83B5283F1306}.Debug|Any CPU.ActiveCfg = Debug|Any CPU
		{D7CC85C3-B2E7-BC3C-3A43-83B5283F1306}.Debug|Any CPU.Build.0 = Debug|Any CPU
		{D7CC85C3-B2E7-BC3C-3A43-83B5283F1306}.Release|Any CPU.ActiveCfg = Release|Any CPU
		{D7CC85C3-B2E7-BC3C-3A43-83B5283F1306}.Release|Any CPU.Build.0 = Release|Any CPU
		{CB4E1981-D3BA-734E-E5A0-42B03422D0EB}.Debug|Any CPU.ActiveCfg = Debug|Any CPU
		{CB4E1981-D3BA-734E-E5A0-42B03422D0EB}.Debug|Any CPU.Build.0 = Debug|Any CPU
		{CB4E1981-D3BA-734E-E5A0-42B03422D0EB}.Release|Any CPU.ActiveCfg = Release|Any CPU
		{CB4E1981-D3BA-734E-E5A0-42B03422D0EB}.Release|Any CPU.Build.0 = Release|Any CPU
		{22A5DABB-4073-C434-BA41-86310CAEA346}.Debug|Any CPU.ActiveCfg = Debug|Any CPU
		{22A5DABB-4073-C434-BA41-86310CAEA346}.Debug|Any CPU.Build.0 = Debug|Any CPU
		{22A5DABB-4073-C434-BA41-86310CAEA346}.Release|Any CPU.ActiveCfg = Release|Any CPU
		{22A5DABB-4073-C434-BA41-86310CAEA346}.Release|Any CPU.Build.0 = Release|Any CPU
		{BAE91EE6-6CD0-2026-11AF-9898FF6121B4}.Debug|Any CPU.ActiveCfg = Debug|Any CPU
		{BAE91EE6-6CD0-2026-11AF-9898FF6121B4}.Debug|Any CPU.Build.0 = Debug|Any CPU
		{BAE91EE6-6CD0-2026-11AF-9898FF6121B4}.Release|Any CPU.ActiveCfg = Release|Any CPU
		{BAE91EE6-6CD0-2026-11AF-9898FF6121B4}.Release|Any CPU.Build.0 = Release|Any CPU
		{19A588FF-3F1C-0CB5-5403-F7170FCE0C27}.Debug|Any CPU.ActiveCfg = Debug|Any CPU
		{19A588FF-3F1C-0CB5-5403-F7170FCE0C27}.Debug|Any CPU.Build.0 = Debug|Any CPU
		{19A588FF-3F1C-0CB5-5403-F7170FCE0C27}.Release|Any CPU.ActiveCfg = Release|Any CPU
		{19A588FF-3F1C-0CB5-5403-F7170FCE0C27}.Release|Any CPU.Build.0 = Release|Any CPU
		{0422DDF6-EF9C-AFF0-DEFC-033A4E22411B}.Debug|Any CPU.ActiveCfg = Debug|Any CPU
		{0422DDF6-EF9C-AFF0-DEFC-033A4E22411B}.Debug|Any CPU.Build.0 = Debug|Any CPU
		{0422DDF6-EF9C-AFF0-DEFC-033A4E22411B}.Release|Any CPU.ActiveCfg = Release|Any CPU
		{0422DDF6-EF9C-AFF0-DEFC-033A4E22411B}.Release|Any CPU.Build.0 = Release|Any CPU
		{3511F981-3005-281C-712A-E1CB8EED4513}.Debug|Any CPU.ActiveCfg = Debug|Any CPU
		{3511F981-3005-281C-712A-E1CB8EED4513}.Debug|Any CPU.Build.0 = Debug|Any CPU
		{3511F981-3005-281C-712A-E1CB8EED4513}.Release|Any CPU.ActiveCfg = Release|Any CPU
		{3511F981-3005-281C-712A-E1CB8EED4513}.Release|Any CPU.Build.0 = Release|Any CPU
		{C24391FE-A7CF-A16D-E7FC-5BDEF44AD294}.Debug|Any CPU.ActiveCfg = Debug|Any CPU
		{C24391FE-A7CF-A16D-E7FC-5BDEF44AD294}.Debug|Any CPU.Build.0 = Debug|Any CPU
		{C24391FE-A7CF-A16D-E7FC-5BDEF44AD294}.Release|Any CPU.ActiveCfg = Release|Any CPU
		{C24391FE-A7CF-A16D-E7FC-5BDEF44AD294}.Release|Any CPU.Build.0 = Release|Any CPU
		{9F715919-DAC4-B755-FB6F-ECD8AFE732B4}.Debug|Any CPU.ActiveCfg = Debug|Any CPU
		{9F715919-DAC4-B755-FB6F-ECD8AFE732B4}.Debug|Any CPU.Build.0 = Debug|Any CPU
		{9F715919-DAC4-B755-FB6F-ECD8AFE732B4}.Release|Any CPU.ActiveCfg = Release|Any CPU
		{9F715919-DAC4-B755-FB6F-ECD8AFE732B4}.Release|Any CPU.Build.0 = Release|Any CPU
		{86174453-E960-2685-66C1-45410813B039}.Debug|Any CPU.ActiveCfg = Debug|Any CPU
		{86174453-E960-2685-66C1-45410813B039}.Debug|Any CPU.Build.0 = Debug|Any CPU
		{86174453-E960-2685-66C1-45410813B039}.Release|Any CPU.ActiveCfg = Release|Any CPU
		{86174453-E960-2685-66C1-45410813B039}.Release|Any CPU.Build.0 = Release|Any CPU
		{B34938A0-3BDD-446E-B99F-9680A34331D5}.Debug|Any CPU.ActiveCfg = Debug|Any CPU
		{B34938A0-3BDD-446E-B99F-9680A34331D5}.Debug|Any CPU.Build.0 = Debug|Any CPU
		{B34938A0-3BDD-446E-B99F-9680A34331D5}.Release|Any CPU.ActiveCfg = Release|Any CPU
		{B34938A0-3BDD-446E-B99F-9680A34331D5}.Release|Any CPU.Build.0 = Release|Any CPU
		{CFBE5F11-3642-2271-6BF1-6DB3C45DEA41}.Debug|Any CPU.ActiveCfg = Debug|Any CPU
		{CFBE5F11-3642-2271-6BF1-6DB3C45DEA41}.Debug|Any CPU.Build.0 = Debug|Any CPU
		{CFBE5F11-3642-2271-6BF1-6DB3C45DEA41}.Release|Any CPU.ActiveCfg = Release|Any CPU
		{CFBE5F11-3642-2271-6BF1-6DB3C45DEA41}.Release|Any CPU.Build.0 = Release|Any CPU
		{49E12C66-B3BB-DDC7-9347-5D49C6C4077B}.Debug|Any CPU.ActiveCfg = Debug|Any CPU
		{49E12C66-B3BB-DDC7-9347-5D49C6C4077B}.Debug|Any CPU.Build.0 = Debug|Any CPU
		{49E12C66-B3BB-DDC7-9347-5D49C6C4077B}.Release|Any CPU.ActiveCfg = Release|Any CPU
		{49E12C66-B3BB-DDC7-9347-5D49C6C4077B}.Release|Any CPU.Build.0 = Release|Any CPU
		{5797EA59-2267-C31A-0399-D9EB0B8C50D7}.Debug|Any CPU.ActiveCfg = Debug|Any CPU
		{5797EA59-2267-C31A-0399-D9EB0B8C50D7}.Debug|Any CPU.Build.0 = Debug|Any CPU
		{5797EA59-2267-C31A-0399-D9EB0B8C50D7}.Release|Any CPU.ActiveCfg = Release|Any CPU
		{5797EA59-2267-C31A-0399-D9EB0B8C50D7}.Release|Any CPU.Build.0 = Release|Any CPU
	EndGlobalSection
	GlobalSection(SolutionProperties) = preSolution
		HideSolutionNode = FALSE
	EndGlobalSection
	GlobalSection(NestedProjects) = preSolution
		{C4B547C3-B88B-06FD-50C8-C0379CFBED21} = {29C575E1-A835-422F-38B4-87B5B1FDE26F}
		{C4F70744-99D7-31A4-A15D-F292DB02E2E3} = {C4B547C3-B88B-06FD-50C8-C0379CFBED21}
		{56DB996E-3FA8-9DA7-08A2-8F20DED7BBB9} = {C4B547C3-B88B-06FD-50C8-C0379CFBED21}
		{A54D94D5-31E2-52DC-00E7-A7CD79F87701} = {C4B547C3-B88B-06FD-50C8-C0379CFBED21}
		{B3A1E1E7-5F48-6F15-1723-5AD624A9F04F} = {C4B547C3-B88B-06FD-50C8-C0379CFBED21}
		{D7CC85C3-B2E7-BC3C-3A43-83B5283F1306} = {C4B547C3-B88B-06FD-50C8-C0379CFBED21}
		{CB4E1981-D3BA-734E-E5A0-42B03422D0EB} = {C4B547C3-B88B-06FD-50C8-C0379CFBED21}
		{22A5DABB-4073-C434-BA41-86310CAEA346} = {C4B547C3-B88B-06FD-50C8-C0379CFBED21}
		{BAE91EE6-6CD0-2026-11AF-9898FF6121B4} = {C4B547C3-B88B-06FD-50C8-C0379CFBED21}
		{19A588FF-3F1C-0CB5-5403-F7170FCE0C27} = {C4B547C3-B88B-06FD-50C8-C0379CFBED21}
		{0422DDF6-EF9C-AFF0-DEFC-033A4E22411B} = {C4B547C3-B88B-06FD-50C8-C0379CFBED21}
		{3511F981-3005-281C-712A-E1CB8EED4513} = {C4B547C3-B88B-06FD-50C8-C0379CFBED21}
		{253C3290-EDD7-FCF6-0029-12C2AA8C72F9} = {29C575E1-A835-422F-38B4-87B5B1FDE26F}
		{C24391FE-A7CF-A16D-E7FC-5BDEF44AD294} = {253C3290-EDD7-FCF6-0029-12C2AA8C72F9}
		{9F715919-DAC4-B755-FB6F-ECD8AFE732B4} = {C4B547C3-B88B-06FD-50C8-C0379CFBED21}
		{86174453-E960-2685-66C1-45410813B039} = {C4B547C3-B88B-06FD-50C8-C0379CFBED21}
		{B34938A0-3BDD-446E-B99F-9680A34331D5} = {C4B547C3-B88B-06FD-50C8-C0379CFBED21}
		{CFBE5F11-3642-2271-6BF1-6DB3C45DEA41} = {C4B547C3-B88B-06FD-50C8-C0379CFBED21}
		{49E12C66-B3BB-DDC7-9347-5D49C6C4077B} = {C4B547C3-B88B-06FD-50C8-C0379CFBED21}
		{5797EA59-2267-C31A-0399-D9EB0B8C50D7} = {C4B547C3-B88B-06FD-50C8-C0379CFBED21}
	EndGlobalSection
	GlobalSection(ExtensibilityGlobals) = postSolution
		SolutionGuid = {CB7E32C7-6D55-4E6E-BB3C-D6AAAB6BD9CA}
	EndGlobalSection
EndGlobal
