<Solution>
  <Folder Name="/src/" />
  <Folder Name="/src/API/">
    <Project Path="src/Atlas.API/Atlas.API.csproj" />
  </Folder>
  <Folder Name="/src/Modules/" />
  <Folder Name="/src/Modules/Identity/">
    <Project Path="src/Atlas.Identity.Application/Atlas.Identity.Application.csproj" />
    <Project Path="src/Atlas.Identity.Domain/Atlas.Identity.Domain.csproj" />
    <Project Path="src/Atlas.Identity.Infrastructure/Atlas.Identity.Infrastructure.csproj" />
  </Folder>
  <Folder Name="/tests/">
    <Project Path="tests/Atlas.Tests/Atlas.Tests.csproj" />
  </Folder>
</Solution>
