<Solution>
  <Folder Name="/docs/">
    <File Path="docs/docfx.json" />
    <File Path="docs/index.md" />
    <File Path="docs/overview.md" />
  </Folder>
  <Folder Name="/docs/api/" />
  <Folder Name="/docs/architecture/">
    <File Path="docs/architecture/building-blocks.md" />
    <File Path="docs/architecture/outbox-worker-design-architecture.md" />
    <File Path="docs/architecture/technical-decisions-tooling.md" />
  </Folder>
  <Folder Name="/docs/guidelines/">
    <File Path="docs/guidelines/application-testing-guidelines.md" />
    <File Path="docs/guidelines/DDD-commenting-guidelines.md" />
    <File Path="docs/guidelines/documentation-guidelines.md" />
    <File Path="docs/guidelines/domain-design-playbook.md" />
    <File Path="docs/guidelines/guideline-for-creating-guidelines.md" />
    <File Path="docs/guidelines/programming-principles-guide.md" />
    <File Path="docs/guidelines/unit-testing-guidelines.md" />
  </Folder>
  <Folder Name="/docs/guides/">
    <File Path="docs/guides/docfx-usage.md" />
  </Folder>
  <Folder Name="/docs/modules/" />
  <Folder Name="/docs/modules/identity/">
    <File Path="docs/modules/identity/index.md" />
  </Folder>
  <Folder Name="/src/" />
  <Folder Name="/src/1-Executables/">
    <Project Path="src/Atlas.API/Atlas.API.csproj" />
    <Project Path="src/Outbox/Atlas.Outbox.Service/Atlas.Outbox.Service.csproj" />
  </Folder>
  <Folder Name="/src/2-Modules/" />
  <Folder Name="/src/2-Modules/Identity/" />
  <Folder Name="/src/2-Modules/Identity/1-Api/">
    <Project Path="src/Identity/Atlas.Identity.BffApi/Atlas.Identity.BffApi.csproj" />
    <Project Path="src/Identity/Atlas.Identity.InternalApi/Atlas.Identity.InternalApi.csproj" />
  </Folder>
  <Folder Name="/src/2-Modules/Identity/2-Infrastructure/">
    <Project Path="src/Identity/Atlas.Identity.Infrastructure/Atlas.Identity.Infrastructure.csproj" />
  </Folder>
  <Folder Name="/src/2-Modules/Identity/3-AppServices/">
    <Project Path="src/Identity/Atlas.Identity.Application/Atlas.Identity.Application.csproj" />
    <Project Path="src/Identity/Atlas.Identity.OutboxPublisher/Atlas.Identity.OutboxPublisher.csproj" />
  </Folder>
  <Folder Name="/src/2-Modules/Identity/4-Domain/">
    <Project Path="src/Identity/Atlas.Identity.Domain/Atlas.Identity.Domain.csproj" />
    <Project Path="src/Identity/Atlas.Identity.Resources/Atlas.Identity.Resources.csproj" />
  </Folder>
  <Folder Name="/src/2-Modules/Identity/5-Contracts/">
    <Project Path="src/Identity/Atlas.Identity.Contracts/Atlas.Identity.Contracts.csproj" />
  </Folder>
  <Folder Name="/src/2-Modules/Outbox/" />
  <Folder Name="/src/2-Modules/Outbox/2-Infrastructure/">
    <Project Path="src/Outbox/Atlas.Outbox.Infrastructure/Atlas.Outbox.Infrastructure.csproj" />
  </Folder>
  <Folder Name="/src/2-Modules/Outbox/3-AppServices/">
    <Project Path="src/Outbox/Atlas.Outbox.Application/Atlas.Outbox.Application.csproj" />
  </Folder>
  <Folder Name="/src/2-Modules/Outbox/3-MappingTargets/">
    <Project Path="src/Outbox/Atlas.Outbox.Catalog/Atlas.Outbox.Catalog.csproj" />
    <Project Path="src/Outbox/Atlas.Outbox.Targets.Identity/Atlas.Outbox.Targets.Identity.csproj" Id="0ce58649-79a1-4890-ae13-6cdaa25539a3" />
    <Project Path="src/Outbox/Atlas.Outbox.Targets.Staff/Atlas.Outbox.Targets.Staff.csproj" Id="f351df91-cf03-4dc5-89ef-466ebd7eee2f" />
  </Folder>
  <Folder Name="/src/2-Modules/Outbox/4-Domain/">
    <Project Path="src/Outbox/Atlas.Outbox.Domain/Atlas.Outbox.Domain.csproj" />
  </Folder>
  <Folder Name="/src/2-Modules/Outbox/_tests/">
    <Project Path="src/Outbox/Atlas.Outbox.Tests/Atlas.Outbox.Tests.csproj" />
  </Folder>
  <Folder Name="/src/2-Modules/Party/" />
  <Folder Name="/src/2-Modules/Party/1-Api/">
    <Project Path="src/Party/Atlas.Party.BffApi/Atlas.Party.BffApi.csproj" Id="ef0f51c5-3211-404b-8706-5059ac0693dc" />
  </Folder>
  <Folder Name="/src/2-Modules/Party/2-Infrastructure/">
    <Project Path="src/Party/Atlas.Party.Infrastructure/Atlas.Party.Infrastructure.csproj" />
  </Folder>
  <Folder Name="/src/2-Modules/Party/3-AppServices/">
    <Project Path="src/Party/Atlas.Party.Application/Atlas.Party.Application.csproj" />
  </Folder>
  <Folder Name="/src/2-Modules/Party/4-Domain/">
    <Project Path="src/Party/Atlas.Party.Domain/Atlas.Party.Domain.csproj" />
    <Project Path="src/Party/Atlas.Party.Resources/Atlas.Party.Resources.csproj" Id="742aef15-9b95-4e36-a3a6-afe425f68c89" />
  </Folder>
  <Folder Name="/src/2-Modules/Party/5-Contracts/">
    <File Path="src/Party/Atlas.Party.Contracts/Atlas.Party.Contracts.csproj" />
    <Project Path="src/Party/Atlas.Party.Contracts/Atlas.Party.Contracts.csproj" />
  </Folder>
  <Folder Name="/src/2-Modules/Plataform/" />
  <Folder Name="/src/2-Modules/Plataform/1-Api/">
    <Project Path="src/Platform/Atlas.Platform.BffApi/Atlas.Platform.BffApi.csproj" />
    <Project Path="src/Platform/Atlas.Platform.InternalApi/Atlas.Platform.InternalApi.csproj" />
  </Folder>
  <Folder Name="/src/2-Modules/Plataform/2-Infrastructure/">
    <Project Path="src/Platform/Atlas.Platform.Infrastructure/Atlas.Platform.Infrastructure.csproj" />
  </Folder>
  <Folder Name="/src/2-Modules/Plataform/3-AppServices/">
    <Project Path="src/Platform/Atlas.Platform.Application/Atlas.Platform.Application.csproj" />
  </Folder>
  <Folder Name="/src/2-Modules/Plataform/4-Domain/">
    <Project Path="src/Platform/Atlas.Platform.Domain/Atlas.Platform.Domain.csproj" />
    <Project Path="src/Platform/Atlas.Platform.Resources/Atlas.Platform.Resources.csproj" />
  </Folder>
  <Folder Name="/src/2-Modules/Plataform/5-Contracts/">
    <Project Path="src/Platform/Atlas.Platform.Contracts/Atlas.Platform.Contracts.csproj" />
  </Folder>
  <Folder Name="/src/2-Modules/Staff/" />
  <Folder Name="/src/2-Modules/Staff/1-Api/">
    <Project Path="src/Staff/Atlas.Staff.BffApi/Atlas.Staff.BffApi.csproj" />
    <Project Path="src/Staff/Atlas.Staff.InternalApi/Atlas.Staff.InternalApi.csproj" />
  </Folder>
  <Folder Name="/src/2-Modules/Staff/2-Infrastructure/">
    <Project Path="src/Staff/Atlas.Staff.Infrastructure/Atlas.Staff.Infrastructure.csproj" />
  </Folder>
  <Folder Name="/src/2-Modules/Staff/3-AppServices/">
    <Project Path="src/Staff/Atlas.Staff.Application/Atlas.Staff.Application.csproj" />
  </Folder>
  <Folder Name="/src/2-Modules/Staff/4-Domain/">
    <Project Path="src/Staff/Atlas.Staff.Domain/Atlas.Staff.Domain.csproj" />
    <Project Path="src/Staff/Atlas.Staff.Resources/Atlas.Staff.Resources.csproj" />
  </Folder>
  <Folder Name="/src/2-Modules/Staff/5-Contracts/">
    <Project Path="src/Staff/Atlas.Staff.Contracts/Atlas.Staff.Contracts.csproj" />
  </Folder>
  <Folder Name="/src/3-BuildingBlocks/">
    <Project Path="src/BuildingBlocks/Atlas.BuildingBlocks.Application/Atlas.BuildingBlocks.Application.csproj" />
    <Project Path="src/BuildingBlocks/Atlas.BuildingBlocks.AspNetCore/Atlas.BuildingBlocks.AspNetCore.csproj" />
    <Project Path="src/BuildingBlocks/Atlas.BuildingBlocks.Audit.Resources/Atlas.BuildingBlocks.Audit.Resources.csproj" />
    <Project Path="src/BuildingBlocks/Atlas.BuildingBlocks.Audit/Atlas.BuildingBlocks.Audit.csproj" />
    <Project Path="src/BuildingBlocks/Atlas.BuildingBlocks.Email/Atlas.BuildingBlocks.Email.csproj" />
    <Project Path="src/BuildingBlocks/Atlas.BuildingBlocks.FastEndpoints/Atlas.BuildingBlocks.FastEndpoints.csproj" />
    <Project Path="src/BuildingBlocks/Atlas.BuildingBlocks.Observability/Atlas.BuildingBlocks.Observability.csproj" />
    <Project Path="src/BuildingBlocks/Atlas.BuildingBlocks.Outbox/Atlas.BuildingBlocks.Outbox.csproj" Id="0eee942d-81df-447a-a60b-4913e96df8cb" />
    <Project Path="src/BuildingBlocks/Atlas.BuildingBlocks.Permissions/Atlas.BuildingBlocks.Permissions.csproj" />
    <Project Path="src/BuildingBlocks/Atlas.BuildingBlocks.Persistence/Atlas.BuildingBlocks.Persistence.csproj" />
  </Folder>
  <Folder Name="/src/4-Shared/">
    <Project Path="src/Shared/Atlas.SharedKernel/Atlas.SharedKernel.csproj" />
  </Folder>
  <Folder Name="/tests/">
    <Project Path="src/Atlas.API.Tests/Atlas.API.Tests.csproj" />
    <Project Path="src/Identity/Atlas.Identity.Domain.Tests/Atlas.Identity.Domain.Tests.csproj" />
  </Folder>
</Solution>
